
Microsoft Visual Studio Solution File, Format Version 12.00
# Visual Studio 14
VisualStudioVersion = 14.0.24720.0
MinimumVisualStudioVersion = 10.0.40219.1
Project("{FAE04EC0-301F-11D3-BF4B-00C04F79EFBC}") = "PvP_Battle_Console", "PvP_Battle_Console\PvP_Battle_Console.csproj", "{E14DD1AF-3123-45E6-8A3F-5B404456735D}"
EndProject
Global
	GlobalSection(SolutionConfigurationPlatforms) = preSolution
		Debug|Any CPU = Debug|Any CPU
		Release|Any CPU = Release|Any CPU
	EndGlobalSection
	GlobalSection(ProjectConfigurationPlatforms) = postSolution
		{E14DD1AF-3123-45E6-8A3F-5B404456735D}.Debug|Any CPU.ActiveCfg = Debug|Any CPU
		{E14DD1AF-3123-45E6-8A3F-5B404456735D}.Debug|Any CPU.Build.0 = Debug|Any CPU
		{E14DD1AF-3123-45E6-8A3F-5B404456735D}.Release|Any CPU.ActiveCfg = Release|Any CPU
		{E14DD1AF-3123-45E6-8A3F-5B404456735D}.Release|Any CPU.Build.0 = Release|Any CPU
	EndGlobalSection
	GlobalSection(SolutionProperties) = preSolution
		HideSolutionNode = FALSE
	EndGlobalSection
EndGlobal
