
Microsoft Visual Studio Solution File, Format Version 12.00
# Visual Studio 14
VisualStudioVersion = 14.0.24720.0
MinimumVisualStudioVersion = 10.0.40219.1
Project("{FAE04EC0-301F-11D3-BF4B-00C04F79EFBC}") = "Generator_imena", "Random_freestyle\Generator_imena.csproj", "{2EC9B5E9-CCDD-474B-9E4C-173BC385B6DB}"
EndProject
Project("{FAE04EC0-301F-11D3-BF4B-00C04F79EFBC}") = "Kalkulacii Random Chisla", "Sumator Random Chisla\Kalkulacii Random Chisla.csproj", "{82083D82-E3FA-461C-94AB-E144E82383B3}"
EndProject
Project("{FAE04EC0-301F-11D3-BF4B-00C04F79EFBC}") = "Random Chertaene", "Random Chertaene\Random Chertaene.csproj", "{C05FF973-9EE6-41BF-AE36-20CA85A855B3}"
EndProject
Project("{FAE04EC0-301F-11D3-BF4B-00C04F79EFBC}") = "Random Triugulnik", "Random Triugulnik\Random Triugulnik.csproj", "{1244B01C-19D7-45FD-9097-FDC1245A139B}"
EndProject
Project("{FAE04EC0-301F-11D3-BF4B-00C04F79EFBC}") = "Ezi ili tura", "Ezi ili tura\Ezi ili tura.csproj", "{2E9B0D05-7278-4A57-BC30-ADA8AFAF9E2F}"
EndProject
Project("{FAE04EC0-301F-11D3-BF4B-00C04F79EFBC}") = "Kakvo da sgotvim", "Kakvo da sgotvim\Kakvo da sgotvim.csproj", "{04F05A38-6772-466B-AF1F-2DA06D1FC966}"
EndProject
Global
	GlobalSection(SolutionConfigurationPlatforms) = preSolution
		Debug|Any CPU = Debug|Any CPU
		Release|Any CPU = Release|Any CPU
	EndGlobalSection
	GlobalSection(ProjectConfigurationPlatforms) = postSolution
		{2EC9B5E9-CCDD-474B-9E4C-173BC385B6DB}.Debug|Any CPU.ActiveCfg = Debug|Any CPU
		{2EC9B5E9-CCDD-474B-9E4C-173BC385B6DB}.Debug|Any CPU.Build.0 = Debug|Any CPU
		{2EC9B5E9-CCDD-474B-9E4C-173BC385B6DB}.Release|Any CPU.ActiveCfg = Release|Any CPU
		{2EC9B5E9-CCDD-474B-9E4C-173BC385B6DB}.Release|Any CPU.Build.0 = Release|Any CPU
		{82083D82-E3FA-461C-94AB-E144E82383B3}.Debug|Any CPU.ActiveCfg = Debug|Any CPU
		{82083D82-E3FA-461C-94AB-E144E82383B3}.Debug|Any CPU.Build.0 = Debug|Any CPU
		{82083D82-E3FA-461C-94AB-E144E82383B3}.Release|Any CPU.ActiveCfg = Release|Any CPU
		{82083D82-E3FA-461C-94AB-E144E82383B3}.Release|Any CPU.Build.0 = Release|Any CPU
		{C05FF973-9EE6-41BF-AE36-20CA85A855B3}.Debug|Any CPU.ActiveCfg = Debug|Any CPU
		{C05FF973-9EE6-41BF-AE36-20CA85A855B3}.Debug|Any CPU.Build.0 = Debug|Any CPU
		{C05FF973-9EE6-41BF-AE36-20CA85A855B3}.Release|Any CPU.ActiveCfg = Release|Any CPU
		{C05FF973-9EE6-41BF-AE36-20CA85A855B3}.Release|Any CPU.Build.0 = Release|Any CPU
		{1244B01C-19D7-45FD-9097-FDC1245A139B}.Debug|Any CPU.ActiveCfg = Debug|Any CPU
		{1244B01C-19D7-45FD-9097-FDC1245A139B}.Debug|Any CPU.Build.0 = Debug|Any CPU
		{1244B01C-19D7-45FD-9097-FDC1245A139B}.Release|Any CPU.ActiveCfg = Release|Any CPU
		{1244B01C-19D7-45FD-9097-FDC1245A139B}.Release|Any CPU.Build.0 = Release|Any CPU
		{2E9B0D05-7278-4A57-BC30-ADA8AFAF9E2F}.Debug|Any CPU.ActiveCfg = Debug|Any CPU
		{2E9B0D05-7278-4A57-BC30-ADA8AFAF9E2F}.Debug|Any CPU.Build.0 = Debug|Any CPU
		{2E9B0D05-7278-4A57-BC30-ADA8AFAF9E2F}.Release|Any CPU.ActiveCfg = Release|Any CPU
		{2E9B0D05-7278-4A57-BC30-ADA8AFAF9E2F}.Release|Any CPU.Build.0 = Release|Any CPU
		{04F05A38-6772-466B-AF1F-2DA06D1FC966}.Debug|Any CPU.ActiveCfg = Debug|Any CPU
		{04F05A38-6772-466B-AF1F-2DA06D1FC966}.Debug|Any CPU.Build.0 = Debug|Any CPU
		{04F05A38-6772-466B-AF1F-2DA06D1FC966}.Release|Any CPU.ActiveCfg = Release|Any CPU
		{04F05A38-6772-466B-AF1F-2DA06D1FC966}.Release|Any CPU.Build.0 = Release|Any CPU
	EndGlobalSection
	GlobalSection(SolutionProperties) = preSolution
		HideSolutionNode = FALSE
	EndGlobalSection
EndGlobal
