
Microsoft Visual Studio Solution File, Format Version 12.00
# Visual Studio 14
VisualStudioVersion = 14.0.24720.0
MinimumVisualStudioVersion = 10.0.40219.1
Project("{FAE04EC0-301F-11D3-BF4B-00C04F79EFBC}") = "Paint", "Paint\Paint.csproj", "{B6502E08-D69D-4530-9DC6-6B5A899997EE}"
EndProject
Global
	GlobalSection(SolutionConfigurationPlatforms) = preSolution
		Debug|Any CPU = Debug|Any CPU
		Release|Any CPU = Release|Any CPU
	EndGlobalSection
	GlobalSection(ProjectConfigurationPlatforms) = postSolution
		{B6502E08-D69D-4530-9DC6-6B5A899997EE}.Debug|Any CPU.ActiveCfg = Debug|Any CPU
		{B6502E08-D69D-4530-9DC6-6B5A899997EE}.Debug|Any CPU.Build.0 = Debug|Any CPU
		{B6502E08-D69D-4530-9DC6-6B5A899997EE}.Release|Any CPU.ActiveCfg = Release|Any CPU
		{B6502E08-D69D-4530-9DC6-6B5A899997EE}.Release|Any CPU.Build.0 = Release|Any CPU
	EndGlobalSection
	GlobalSection(SolutionProperties) = preSolution
		HideSolutionNode = FALSE
	EndGlobalSection
EndGlobal
